
Microsoft Visual Studio Solution File, Format Version 12.00
# Visual Studio 15
VisualStudioVersion = 15.0.28307.1705
MinimumVisualStudioVersion = 10.0.40219.1
Project("{FAE04EC0-301F-11D3-BF4B-00C04F79EFBC}") = "Perlin Noise Basic", "Perlin Noise Basic\Perlin Noise Basic.csproj", "{BE7AA093-D4E7-46E9-95D8-D64EF2B9F22B}"
EndProject
Global
	GlobalSection(SolutionConfigurationPlatforms) = preSolution
		Debug|Any CPU = Debug|Any CPU
		Release|Any CPU = Release|Any CPU
	EndGlobalSection
	GlobalSection(ProjectConfigurationPlatforms) = postSolution
		{BE7AA093-D4E7-46E9-95D8-D64EF2B9F22B}.Debug|Any CPU.ActiveCfg = Debug|Any CPU
		{BE7AA093-D4E7-46E9-95D8-D64EF2B9F22B}.Debug|Any CPU.Build.0 = Debug|Any CPU
		{BE7AA093-D4E7-46E9-95D8-D64EF2B9F22B}.Release|Any CPU.ActiveCfg = Release|Any CPU
		{BE7AA093-D4E7-46E9-95D8-D64EF2B9F22B}.Release|Any CPU.Build.0 = Release|Any CPU
	EndGlobalSection
	GlobalSection(SolutionProperties) = preSolution
		HideSolutionNode = FALSE
	EndGlobalSection
	GlobalSection(ExtensibilityGlobals) = postSolution
		SolutionGuid = {C22741E7-C3A5-4B2D-93A1-E2CF55C282A7}
	EndGlobalSection
EndGlobal
